{
  "requires": true,
  "lockfileVersion": 1,
  "dependencies": {
    "three": {
      "version": "0.105.1",
      "resolved": "https://registry.npmjs.org/three/-/three-0.105.1.tgz",
      "integrity": "sha512-Oa6dfF3qsgS/mmeNB+nKgcQBq71Ucxv8TdmVS+lNjLzG/GAIgvrTDTKmtvxXd7tXDv7RXmEprcmzO3JiT0UDsA=="
    }
  }
}
